
Microsoft Visual Studio Solution File, Format Version 12.00
# Visual Studio Version 16
VisualStudioVersion = 16.0.30907.101
MinimumVisualStudioVersion = 10.0.40219.1
Project("{FAE04EC0-301F-11D3-BF4B-00C04F79EFBC}") = "Hotel", "Hotel\Hotel.csproj", "{0C74D9BC-0F96-43D0-B19E-56ECB290EF18}"
EndProject
Global
	GlobalSection(SolutionConfigurationPlatforms) = preSolution
		Debug|Any CPU = Debug|Any CPU
		Release|Any CPU = Release|Any CPU
	EndGlobalSection
	GlobalSection(ProjectConfigurationPlatforms) = postSolution
		{0C74D9BC-0F96-43D0-B19E-56ECB290EF18}.Debug|Any CPU.ActiveCfg = Debug|Any CPU
		{0C74D9BC-0F96-43D0-B19E-56ECB290EF18}.Debug|Any CPU.Build.0 = Debug|Any CPU
		{0C74D9BC-0F96-43D0-B19E-56ECB290EF18}.Release|Any CPU.ActiveCfg = Release|Any CPU
		{0C74D9BC-0F96-43D0-B19E-56ECB290EF18}.Release|Any CPU.Build.0 = Release|Any CPU
	EndGlobalSection
	GlobalSection(SolutionProperties) = preSolution
		HideSolutionNode = FALSE
	EndGlobalSection
	GlobalSection(ExtensibilityGlobals) = postSolution
		SolutionGuid = {D006BE55-8DEA-4490-9FEF-B075E4998FBC}
	EndGlobalSection
EndGlobal
